
Microsoft Visual Studio Solution File, Format Version 12.00
# Visual Studio 15
VisualStudioVersion = 15.0.27004.2008
MinimumVisualStudioVersion = 10.0.40219.1
Project("{FAE04EC0-301F-11D3-BF4B-00C04F79EFBC}") = "Tunnitöö", "Tunnitöö\Tunnitöö.csproj", "{3FC7B419-E193-4D0C-BBA9-91DCF1A31AC9}"
EndProject
Project("{FAE04EC0-301F-11D3-BF4B-00C04F79EFBC}") = "FavouriteColor", "FavouriteColor\FavouriteColor.csproj", "{A393C754-FF59-4F35-A874-74E0D9018F12}"
EndProject
Project("{FAE04EC0-301F-11D3-BF4B-00C04F79EFBC}") = "KT", "KT\KT.csproj", "{0CCB526C-D586-4EAC-9250-E198590A83A7}"
EndProject
Global
	GlobalSection(SolutionConfigurationPlatforms) = preSolution
		Debug|Any CPU = Debug|Any CPU
		Release|Any CPU = Release|Any CPU
	EndGlobalSection
	GlobalSection(ProjectConfigurationPlatforms) = postSolution
		{3FC7B419-E193-4D0C-BBA9-91DCF1A31AC9}.Debug|Any CPU.ActiveCfg = Debug|Any CPU
		{3FC7B419-E193-4D0C-BBA9-91DCF1A31AC9}.Debug|Any CPU.Build.0 = Debug|Any CPU
		{3FC7B419-E193-4D0C-BBA9-91DCF1A31AC9}.Release|Any CPU.ActiveCfg = Release|Any CPU
		{3FC7B419-E193-4D0C-BBA9-91DCF1A31AC9}.Release|Any CPU.Build.0 = Release|Any CPU
		{A393C754-FF59-4F35-A874-74E0D9018F12}.Debug|Any CPU.ActiveCfg = Debug|Any CPU
		{A393C754-FF59-4F35-A874-74E0D9018F12}.Debug|Any CPU.Build.0 = Debug|Any CPU
		{A393C754-FF59-4F35-A874-74E0D9018F12}.Release|Any CPU.ActiveCfg = Release|Any CPU
		{A393C754-FF59-4F35-A874-74E0D9018F12}.Release|Any CPU.Build.0 = Release|Any CPU
		{0CCB526C-D586-4EAC-9250-E198590A83A7}.Debug|Any CPU.ActiveCfg = Debug|Any CPU
		{0CCB526C-D586-4EAC-9250-E198590A83A7}.Debug|Any CPU.Build.0 = Debug|Any CPU
		{0CCB526C-D586-4EAC-9250-E198590A83A7}.Release|Any CPU.ActiveCfg = Release|Any CPU
		{0CCB526C-D586-4EAC-9250-E198590A83A7}.Release|Any CPU.Build.0 = Release|Any CPU
	EndGlobalSection
	GlobalSection(SolutionProperties) = preSolution
		HideSolutionNode = FALSE
	EndGlobalSection
	GlobalSection(ExtensibilityGlobals) = postSolution
		SolutionGuid = {B2F290E6-FF91-43BA-A76D-9196048E231E}
	EndGlobalSection
EndGlobal
